
Microsoft Visual Studio Solution File, Format Version 12.00
# Visual Studio Version 16
VisualStudioVersion = 16.0.31729.503
MinimumVisualStudioVersion = 10.0.40219.1
Project("{FAE04EC0-301F-11D3-BF4B-00C04F79EFBC}") = "DataServer", "DataServer.csproj", "{7DDB1247-B845-4063-B1AD-FEB8A87C1CDD}"
EndProject
Global
	GlobalSection(SolutionConfigurationPlatforms) = preSolution
		Debug|Any CPU = Debug|Any CPU
		Release|Any CPU = Release|Any CPU
	EndGlobalSection
	GlobalSection(ProjectConfigurationPlatforms) = postSolution
		{7DDB1247-B845-4063-B1AD-FEB8A87C1CDD}.Debug|Any CPU.ActiveCfg = Debug|Any CPU
		{7DDB1247-B845-4063-B1AD-FEB8A87C1CDD}.Debug|Any CPU.Build.0 = Debug|Any CPU
		{7DDB1247-B845-4063-B1AD-FEB8A87C1CDD}.Release|Any CPU.ActiveCfg = Release|Any CPU
		{7DDB1247-B845-4063-B1AD-FEB8A87C1CDD}.Release|Any CPU.Build.0 = Release|Any CPU
	EndGlobalSection
	GlobalSection(SolutionProperties) = preSolution
		HideSolutionNode = FALSE
	EndGlobalSection
	GlobalSection(ExtensibilityGlobals) = postSolution
		SolutionGuid = {1375F359-A619-4E0A-9DB5-F5EF9D0853F3}
	EndGlobalSection
EndGlobal
