
Microsoft Visual Studio Solution File, Format Version 12.00
# Visual Studio Version 16
VisualStudioVersion = 16.0.31729.503
MinimumVisualStudioVersion = 10.0.40219.1
Project("{FAE04EC0-301F-11D3-BF4B-00C04F79EFBC}") = "Client Forms", "Client Forms.csproj", "{5A1C83A4-C98A-4DFF-902E-8176386C3285}"
EndProject
Global
	GlobalSection(SolutionConfigurationPlatforms) = preSolution
		Debug|Any CPU = Debug|Any CPU
		Release|Any CPU = Release|Any CPU
	EndGlobalSection
	GlobalSection(ProjectConfigurationPlatforms) = postSolution
		{5A1C83A4-C98A-4DFF-902E-8176386C3285}.Debug|Any CPU.ActiveCfg = Debug|Any CPU
		{5A1C83A4-C98A-4DFF-902E-8176386C3285}.Debug|Any CPU.Build.0 = Debug|Any CPU
		{5A1C83A4-C98A-4DFF-902E-8176386C3285}.Release|Any CPU.ActiveCfg = Release|Any CPU
		{5A1C83A4-C98A-4DFF-902E-8176386C3285}.Release|Any CPU.Build.0 = Release|Any CPU
	EndGlobalSection
	GlobalSection(SolutionProperties) = preSolution
		HideSolutionNode = FALSE
	EndGlobalSection
	GlobalSection(ExtensibilityGlobals) = postSolution
		SolutionGuid = {6502E979-7673-4647-BA41-B9E868363D40}
	EndGlobalSection
EndGlobal
